// !$*UTF8*$!
{
	archiveVersion = 1;
	classes = {
	};
	objectVersion = 50;
	objects = {

/* Begin PBXBuildFile section */
		EE3BB9DA2565EFE100CBDA60 /* AppDelegate.swift in Sources */ = {isa = PBXBuildFile; fileRef = EE3BB9D92565EFE100CBDA60 /* AppDelegate.swift */; };
		EE3BB9DC2565EFE100CBDA60 /* SceneDelegate.swift in Sources */ = {isa = PBXBuildFile; fileRef = EE3BB9DB2565EFE100CBDA60 /* SceneDelegate.swift */; };
		EE3BB9DE2565EFE100CBDA60 /* ContentView.swift in Sources */ = {isa = PBXBuildFile; fileRef = EE3BB9DD2565EFE100CBDA60 /* ContentView.swift */; };
		EE3BB9E02565EFE200CBDA60 /* Assets.xcassets in Resources */ = {isa = PBXBuildFile; fileRef = EE3BB9DF2565EFE200CBDA60 /* Assets.xcassets */; };
		EE3BB9E32565EFE200CBDA60 /* Preview Assets.xcassets in Resources */ = {isa = PBXBuildFile; fileRef = EE3BB9E22565EFE200CBDA60 /* Preview Assets.xcassets */; };
		EE3BB9E62565EFE200CBDA60 /* LaunchScreen.storyboard in Resources */ = {isa = PBXBuildFile; fileRef = EE3BB9E42565EFE200CBDA60 /* LaunchScreen.storyboard */; };
		EE3BB9F12565F05000CBDA60 /* Home.swift in Sources */ = {isa = PBXBuildFile; fileRef = EE3BB9F02565F05000CBDA60 /* Home.swift */; };
		EE3BB9F32565F10A00CBDA60 /* Conversion.swift in Sources */ = {isa = PBXBuildFile; fileRef = EE3BB9F22565F10A00CBDA60 /* Conversion.swift */; };
		EE3BB9F52565F17500CBDA60 /* Currency.swift in Sources */ = {isa = PBXBuildFile; fileRef = EE3BB9F42565F17500CBDA60 /* Currency.swift */; };
		EE3BB9F72565F20300CBDA60 /* FetchData.swift in Sources */ = {isa = PBXBuildFile; fileRef = EE3BB9F62565F20300CBDA60 /* FetchData.swift */; };
/* End PBXBuildFile section */

/* Begin PBXFileReference section */
		EE3BB9D62565EFE100CBDA60 /* CurrencyApp.app */ = {isa = PBXFileReference; explicitFileType = wrapper.application; includeInIndex = 0; path = CurrencyApp.app; sourceTree = BUILT_PRODUCTS_DIR; };
		EE3BB9D92565EFE100CBDA60 /* AppDelegate.swift */ = {isa = PBXFileReference; lastKnownFileType = sourcecode.swift; path = AppDelegate.swift; sourceTree = "<group>"; };
		EE3BB9DB2565EFE100CBDA60 /* SceneDelegate.swift */ = {isa = PBXFileReference; lastKnownFileType = sourcecode.swift; path = SceneDelegate.swift; sourceTree = "<group>"; };
		EE3BB9DD2565EFE100CBDA60 /* ContentView.swift */ = {isa = PBXFileReference; lastKnownFileType = sourcecode.swift; path = ContentView.swift; sourceTree = "<group>"; };
		EE3BB9DF2565EFE200CBDA60 /* Assets.xcassets */ = {isa = PBXFileReference; lastKnownFileType = folder.assetcatalog; path = Assets.xcassets; sourceTree = "<group>"; };
		EE3BB9E22565EFE200CBDA60 /* Preview Assets.xcassets */ = {isa = PBXFileReference; lastKnownFileType = folder.assetcatalog; path = "Preview Assets.xcassets"; sourceTree = "<group>"; };
		EE3BB9E52565EFE200CBDA60 /* Base */ = {isa = PBXFileReference; lastKnownFileType = file.storyboard; name = Base; path = Base.lproj/LaunchScreen.storyboard; sourceTree = "<group>"; };
		EE3BB9E72565EFE200CBDA60 /* Info.plist */ = {isa = PBXFileReference; lastKnownFileType = text.plist.xml; path = Info.plist; sourceTree = "<group>"; };
		EE3BB9F02565F05000CBDA60 /* Home.swift */ = {isa = PBXFileReference; lastKnownFileType = sourcecode.swift; path = Home.swift; sourceTree = "<group>"; };
		EE3BB9F22565F10A00CBDA60 /* Conversion.swift */ = {isa = PBXFileReference; lastKnownFileType = sourcecode.swift; path = Conversion.swift; sourceTree = "<group>"; };
		EE3BB9F42565F17500CBDA60 /* Currency.swift */ = {isa = PBXFileReference; lastKnownFileType = sourcecode.swift; path = Currency.swift; sourceTree = "<group>"; };
		EE3BB9F62565F20300CBDA60 /* FetchData.swift */ = {isa = PBXFileReference; lastKnownFileType = sourcecode.swift; path = FetchData.swift; sourceTree = "<group>"; };
		EEAB2F36256D2D0200A24FBA /* CurrencyApp.entitlements */ = {isa = PBXFileReference; lastKnownFileType = text.plist.entitlements; path = CurrencyApp.entitlements; sourceTree = "<group>"; };
/* End PBXFileReference section */

/* Begin PBXFrameworksBuildPhase section */
		EE3BB9D32565EFE100CBDA60 /* Frameworks */ = {
			isa = PBXFrameworksBuildPhase;
			buildActionMask = 2147483647;
			files = (
			);
			runOnlyForDeploymentPostprocessing = 0;
		};
/* End PBXFrameworksBuildPhase section */

/* Begin PBXGroup section */
		EE3BB9CD2565EFE100CBDA60 = {
			isa = PBXGroup;
			children = (
				EE3BB9D82565EFE100CBDA60 /* CurrencyApp */,
				EE3BB9D72565EFE100CBDA60 /* Products */,
			);
			sourceTree = "<group>";
		};
		EE3BB9D72565EFE100CBDA60 /* Products */ = {
			isa = PBXGroup;
			children = (
				EE3BB9D62565EFE100CBDA60 /* CurrencyApp.app */,
			);
			name = Products;
			sourceTree = "<group>";
		};
		EE3BB9D82565EFE100CBDA60 /* CurrencyApp */ = {
			isa = PBXGroup;
			children = (
				EEAB2F36256D2D0200A24FBA /* CurrencyApp.entitlements */,
				EE3BB9EF2565F02B00CBDA60 /* ViewModel */,
				EE3BB9EE2565F02500CBDA60 /* Model */,
				EE3BB9ED2565F01500CBDA60 /* View */,
				EE3BB9D92565EFE100CBDA60 /* AppDelegate.swift */,
				EE3BB9DB2565EFE100CBDA60 /* SceneDelegate.swift */,
				EE3BB9DD2565EFE100CBDA60 /* ContentView.swift */,
				EE3BB9DF2565EFE200CBDA60 /* Assets.xcassets */,
				EE3BB9E42565EFE200CBDA60 /* LaunchScreen.storyboard */,
				EE3BB9E72565EFE200CBDA60 /* Info.plist */,
				EE3BB9E12565EFE200CBDA60 /* Preview Content */,
			);
			path = CurrencyApp;
			sourceTree = "<group>";
		};
		EE3BB9E12565EFE200CBDA60 /* Preview Content */ = {
			isa = PBXGroup;
			children = (
				EE3BB9E22565EFE200CBDA60 /* Preview Assets.xcassets */,
			);
			path = "Preview Content";
			sourceTree = "<group>";
		};
		EE3BB9ED2565F01500CBDA60 /* View */ = {
			isa = PBXGroup;
			children = (
				EE3BB9F02565F05000CBDA60 /* Home.swift */,
			);
			path = View;
			sourceTree = "<group>";
		};
		EE3BB9EE2565F02500CBDA60 /* Model */ = {
			isa = PBXGroup;
			children = (
				EE3BB9F22565F10A00CBDA60 /* Conversion.swift */,
				EE3BB9F42565F17500CBDA60 /* Currency.swift */,
			);
			path = Model;
			sourceTree = "<group>";
		};
		EE3BB9EF2565F02B00CBDA60 /* ViewModel */ = {
			isa = PBXGroup;
			children = (
				EE3BB9F62565F20300CBDA60 /* FetchData.swift */,
			);
			path = ViewModel;
			sourceTree = "<group>";
		};
/* End PBXGroup section */

/* Begin PBXNativeTarget section */
		EE3BB9D52565EFE100CBDA60 /* CurrencyApp */ = {
			isa = PBXNativeTarget;
			buildConfigurationList = EE3BB9EA2565EFE200CBDA60 /* Build configuration list for PBXNativeTarget "CurrencyApp" */;
			buildPhases = (
				EE3BB9D22565EFE100CBDA60 /* Sources */,
				EE3BB9D32565EFE100CBDA60 /* Frameworks */,
				EE3BB9D42565EFE100CBDA60 /* Resources */,
			);
			buildRules = (
			);
			dependencies = (
			);
			name = CurrencyApp;
			productName = CurrencyApp;
			productReference = EE3BB9D62565EFE100CBDA60 /* CurrencyApp.app */;
			productType = "com.apple.product-type.application";
		};
/* End PBXNativeTarget section */

/* Begin PBXProject section */
		EE3BB9CE2565EFE100CBDA60 /* Project object */ = {
			isa = PBXProject;
			attributes = {
				LastSwiftUpdateCheck = 1160;
				LastUpgradeCheck = 1160;
				ORGANIZATIONNAME = "Алим Куприянов";
				TargetAttributes = {
					EE3BB9D52565EFE100CBDA60 = {
						CreatedOnToolsVersion = 11.6;
					};
				};
			};
			buildConfigurationList = EE3BB9D12565EFE100CBDA60 /* Build configuration list for PBXProject "CurrencyApp" */;
			compatibilityVersion = "Xcode 9.3";
			developmentRegion = en;
			hasScannedForEncodings = 0;
			knownRegions = (
				en,
				Base,
			);
			mainGroup = EE3BB9CD2565EFE100CBDA60;
			productRefGroup = EE3BB9D72565EFE100CBDA60 /* Products */;
			projectDirPath = "";
			projectRoot = "";
			targets = (
				EE3BB9D52565EFE100CBDA60 /* CurrencyApp */,
			);
		};
/* End PBXProject section */

/* Begin PBXResourcesBuildPhase section */
		EE3BB9D42565EFE100CBDA60 /* Resources */ = {
			isa = PBXResourcesBuildPhase;
			buildActionMask = 2147483647;
			files = (
				EE3BB9E62565EFE200CBDA60 /* LaunchScreen.storyboard in Resources */,
				EE3BB9E32565EFE200CBDA60 /* Preview Assets.xcassets in Resources */,
				EE3BB9E02565EFE200CBDA60 /* Assets.xcassets in Resources */,
			);
			runOnlyForDeploymentPostprocessing = 0;
		};
/* End PBXResourcesBuildPhase section */

/* Begin PBXSourcesBuildPhase section */
		EE3BB9D22565EFE100CBDA60 /* Sources */ = {
			isa = PBXSourcesBuildPhase;
			buildActionMask = 2147483647;
			files = (
				EE3BB9F52565F17500CBDA60 /* Currency.swift in Sources */,
				EE3BB9F72565F20300CBDA60 /* FetchData.swift in Sources */,
				EE3BB9DA2565EFE100CBDA60 /* AppDelegate.swift in Sources */,
				EE3BB9F32565F10A00CBDA60 /* Conversion.swift in Sources */,
				EE3BB9DC2565EFE100CBDA60 /* SceneDelegate.swift in Sources */,
				EE3BB9F12565F05000CBDA60 /* Home.swift in Sources */,
				EE3BB9DE2565EFE100CBDA60 /* ContentView.swift in Sources */,
			);
			runOnlyForDeploymentPostprocessing = 0;
		};
/* End PBXSourcesBuildPhase section */

/* Begin PBXVariantGroup section */
		EE3BB9E42565EFE200CBDA60 /* LaunchScreen.storyboard */ = {
			isa = PBXVariantGroup;
			children = (
				EE3BB9E52565EFE200CBDA60 /* Base */,
			);
			name = LaunchScreen.storyboard;
			sourceTree = "<group>";
		};
/* End PBXVariantGroup section */

/* Begin XCBuildConfiguration section */
		EE3BB9E82565EFE200CBDA60 /* Debug */ = {
			isa = XCBuildConfiguration;
			buildSettings = {
				ALWAYS_SEARCH_USER_PATHS = NO;
				CLANG_ANALYZER_NONNULL = YES;
				CLANG_ANALYZER_NUMBER_OBJECT_CONVERSION = YES_AGGRESSIVE;
				CLANG_CXX_LANGUAGE_STANDARD = "gnu++14";
				CLANG_CXX_LIBRARY = "libc++";
				CLANG_ENABLE_MODULES = YES;
				CLANG_ENABLE_OBJC_ARC = YES;
				CLANG_ENABLE_OBJC_WEAK = YES;
				CLANG_WARN_BLOCK_CAPTURE_AUTORELEASING = YES;
				CLANG_WARN_BOOL_CONVERSION = YES;
				CLANG_WARN_COMMA = YES;
				CLANG_WARN_CONSTANT_CONVERSION = YES;
				CLANG_WARN_DEPRECATED_OBJC_IMPLEMENTATIONS = YES;
				CLANG_WARN_DIRECT_OBJC_ISA_USAGE = YES_ERROR;
				CLANG_WARN_DOCUMENTATION_COMMENTS = YES;
				CLANG_WARN_EMPTY_BODY = YES;
				CLANG_WARN_ENUM_CONVERSION = YES;
				CLANG_WARN_INFINITE_RECURSION = YES;
				CLANG_WARN_INT_CONVERSION = YES;
				CLANG_WARN_NON_LITERAL_NULL_CONVERSION = YES;
				CLANG_WARN_OBJC_IMPLICIT_RETAIN_SELF = YES;
				CLANG_WARN_OBJC_LITERAL_CONVERSION = YES;
				CLANG_WARN_OBJC_ROOT_CLASS = YES_ERROR;
				CLANG_WARN_RANGE_LOOP_ANALYSIS = YES;
				CLANG_WARN_STRICT_PROTOTYPES = YES;
				CLANG_WARN_SUSPICIOUS_MOVE = YES;
				CLANG_WARN_UNGUARDED_AVAILABILITY = YES_AGGRESSIVE;
				CLANG_WARN_UNREACHABLE_CODE = YES;
				CLANG_WARN__DUPLICATE_METHOD_MATCH = YES;
				COPY_PHASE_STRIP = NO;
				DEBUG_INFORMATION_FORMAT = dwarf;
				ENABLE_STRICT_OBJC_MSGSEND = YES;
				ENABLE_TESTABILITY = YES;
				GCC_C_LANGUAGE_STANDARD = gnu11;
				GCC_DYNAMIC_NO_PIC = NO;
				GCC_NO_COMMON_BLOCKS = YES;
				GCC_OPTIMIZATION_LEVEL = 0;
				GCC_PREPROCESSOR_DEFINITIONS = (
					"DEBUG=1",
					"$(inherited)",
				);
				GCC_WARN_64_TO_32_BIT_CONVERSION = YES;
				GCC_WARN_ABOUT_RETURN_TYPE = YES_ERROR;
				GCC_WARN_UNDECLARED_SELECTOR = YES;
				GCC_WARN_UNINITIALIZED_AUTOS = YES_AGGRESSIVE;
				GCC_WARN_UNUSED_FUNCTION = YES;
				GCC_WARN_UNUSED_VARIABLE = YES;
				IPHONEOS_DEPLOYMENT_TARGET = 13.6;
				MTL_ENABLE_DEBUG_INFO = INCLUDE_SOURCE;
				MTL_FAST_MATH = YES;
				ONLY_ACTIVE_ARCH = YES;
				SDKROOT = iphoneos;
				SWIFT_ACTIVE_COMPILATION_CONDITIONS = DEBUG;
				SWIFT_OPTIMIZATION_LEVEL = "-Onone";
			};
			name = Debug;
		};
		EE3BB9E92565EFE200CBDA60 /* Release */ = {
			isa = XCBuildConfiguration;
			buildSettings = {
				ALWAYS_SEARCH_USER_PATHS = NO;
				CLANG_ANALYZER_NONNULL = YES;
				CLANG_ANALYZER_NUMBER_OBJECT_CONVERSION = YES_AGGRESSIVE;
				CLANG_CXX_LANGUAGE_STANDARD = "gnu++14";
				CLANG_CXX_LIBRARY = "libc++";
				CLANG_ENABLE_MODULES = YES;
				CLANG_ENABLE_OBJC_ARC = YES;
				CLANG_ENABLE_OBJC_WEAK = YES;
				CLANG_WARN_BLOCK_CAPTURE_AUTORELEASING = YES;
				CLANG_WARN_BOOL_CONVERSION = YES;
				CLANG_WARN_COMMA = YES;
				CLANG_WARN_CONSTANT_CONVERSION = YES;
				CLANG_WARN_DEPRECATED_OBJC_IMPLEMENTATIONS = YES;
				CLANG_WARN_DIRECT_OBJC_ISA_USAGE = YES_ERROR;
				CLANG_WARN_DOCUMENTATION_COMMENTS = YES;
				CLANG_WARN_EMPTY_BODY = YES;
				CLANG_WARN_ENUM_CONVERSION = YES;
				CLANG_WARN_INFINITE_RECURSION = YES;
				CLANG_WARN_INT_CONVERSION = YES;
				CLANG_WARN_NON_LITERAL_NULL_CONVERSION = YES;
				CLANG_WARN_OBJC_IMPLICIT_RETAIN_SELF = YES;
				CLANG_WARN_OBJC_LITERAL_CONVERSION = YES;
				CLANG_WARN_OBJC_ROOT_CLASS = YES_ERROR;
				CLANG_WARN_RANGE_LOOP_ANALYSIS = YES;
				CLANG_WARN_STRICT_PROTOTYPES = YES;
				CLANG_WARN_SUSPICIOUS_MOVE = YES;
				CLANG_WARN_UNGUARDED_AVAILABILITY = YES_AGGRESSIVE;
				CLANG_WARN_UNREACHABLE_CODE = YES;
				CLANG_WARN__DUPLICATE_METHOD_MATCH = YES;
				COPY_PHASE_STRIP = NO;
				DEBUG_INFORMATION_FORMAT = "dwarf-with-dsym";
				ENABLE_NS_ASSERTIONS = NO;
				ENABLE_STRICT_OBJC_MSGSEND = YES;
				GCC_C_LANGUAGE_STANDARD = gnu11;
				GCC_NO_COMMON_BLOCKS = YES;
				GCC_WARN_64_TO_32_BIT_CONVERSION = YES;
				GCC_WARN_ABOUT_RETURN_TYPE = YES_ERROR;
				GCC_WARN_UNDECLARED_SELECTOR = YES;
				GCC_WARN_UNINITIALIZED_AUTOS = YES_AGGRESSIVE;
				GCC_WARN_UNUSED_FUNCTION = YES;
				GCC_WARN_UNUSED_VARIABLE = YES;
				IPHONEOS_DEPLOYMENT_TARGET = 13.6;
				MTL_ENABLE_DEBUG_INFO = NO;
				MTL_FAST_MATH = YES;
				SDKROOT = iphoneos;
				SWIFT_COMPILATION_MODE = wholemodule;
				SWIFT_OPTIMIZATION_LEVEL = "-O";
				VALIDATE_PRODUCT = YES;
			};
			name = Release;
		};
		EE3BB9EB2565EFE200CBDA60 /* Debug */ = {
			isa = XCBuildConfiguration;
			buildSettings = {
				ASSETCATALOG_COMPILER_APPICON_NAME = AppIcon;
				CODE_SIGN_ENTITLEMENTS = CurrencyApp/CurrencyApp.entitlements;
				CODE_SIGN_STYLE = Automatic;
				DEVELOPMENT_ASSET_PATHS = "\"CurrencyApp/Preview Content\"";
				DEVELOPMENT_TEAM = X4XKW9NXX6;
				ENABLE_PREVIEWS = YES;
				INFOPLIST_FILE = CurrencyApp/Info.plist;
				LD_RUNPATH_SEARCH_PATHS = (
					"$(inherited)",
					"@executable_path/Frameworks",
				);
				PRODUCT_BUNDLE_IDENTIFIER = firsttwo.CurrencyApp;
				PRODUCT_NAME = CurrencyApp;
				SUPPORTS_MACCATALYST = NO;
				SWIFT_VERSION = 5.0;
				TARGETED_DEVICE_FAMILY = "1,2";
			};
			name = Debug;
		};
		EE3BB9EC2565EFE200CBDA60 /* Release */ = {
			isa = XCBuildConfiguration;
			buildSettings = {
				ASSETCATALOG_COMPILER_APPICON_NAME = AppIcon;
				CODE_SIGN_ENTITLEMENTS = CurrencyApp/CurrencyApp.entitlements;
				CODE_SIGN_STYLE = Automatic;
				DEVELOPMENT_ASSET_PATHS = "\"CurrencyApp/Preview Content\"";
				DEVELOPMENT_TEAM = X4XKW9NXX6;
				ENABLE_PREVIEWS = YES;
				INFOPLIST_FILE = CurrencyApp/Info.plist;
				LD_RUNPATH_SEARCH_PATHS = (
					"$(inherited)",
					"@executable_path/Frameworks",
				);
				PRODUCT_BUNDLE_IDENTIFIER = firsttwo.CurrencyApp;
				PRODUCT_NAME = CurrencyApp;
				SUPPORTS_MACCATALYST = NO;
				SWIFT_VERSION = 5.0;
				TARGETED_DEVICE_FAMILY = "1,2";
			};
			name = Release;
		};
/* End XCBuildConfiguration section */

/* Begin XCConfigurationList section */
		EE3BB9D12565EFE100CBDA60 /* Build configuration list for PBXProject "CurrencyApp" */ = {
			isa = XCConfigurationList;
			buildConfigurations = (
				EE3BB9E82565EFE200CBDA60 /* Debug */,
				EE3BB9E92565EFE200CBDA60 /* Release */,
			);
			defaultConfigurationIsVisible = 0;
			defaultConfigurationName = Release;
		};
		EE3BB9EA2565EFE200CBDA60 /* Build configuration list for PBXNativeTarget "CurrencyApp" */ = {
			isa = XCConfigurationList;
			buildConfigurations = (
				EE3BB9EB2565EFE200CBDA60 /* Debug */,
				EE3BB9EC2565EFE200CBDA60 /* Release */,
			);
			defaultConfigurationIsVisible = 0;
			defaultConfigurationName = Release;
		};
/* End XCConfigurationList section */
	};
	rootObject = EE3BB9CE2565EFE100CBDA60 /* Project object */;
}
